
Microsoft Visual Studio Solution File, Format Version 12.00
# Visual Studio 2013
VisualStudioVersion = 12.0.30723.0
MinimumVisualStudioVersion = 10.0.40219.1
Project("{8BC9CEB8-8B4A-11D0-8D11-00A0C91BC942}") = "graphlib-core", "graphlib-core\graphlib-core.vcxproj", "{4D1377F8-EBC6-4477-A4FB-BE26DB618532}"
EndProject
Project("{8BC9CEB8-8B4A-11D0-8D11-00A0C91BC942}") = "graphlib-test", "graphlib-test\graphlib-test.vcxproj", "{5BFA67BD-6137-4A97-A4BD-AB826134486C}"
EndProject
Project("{8BC9CEB8-8B4A-11D0-8D11-00A0C91BC942}") = "graphlib-example", "graphlib-example\graphlib-example.vcxproj", "{A0EE0850-D4C4-421F-99DC-A16FC69A4300}"
EndProject
Global
	GlobalSection(SolutionConfigurationPlatforms) = preSolution
		Debug|Win32 = Debug|Win32
		Release|Win32 = Release|Win32
	EndGlobalSection
	GlobalSection(ProjectConfigurationPlatforms) = postSolution
		{4D1377F8-EBC6-4477-A4FB-BE26DB618532}.Debug|Win32.ActiveCfg = Debug|Win32
		{4D1377F8-EBC6-4477-A4FB-BE26DB618532}.Debug|Win32.Build.0 = Debug|Win32
		{4D1377F8-EBC6-4477-A4FB-BE26DB618532}.Release|Win32.ActiveCfg = Release|Win32
		{4D1377F8-EBC6-4477-A4FB-BE26DB618532}.Release|Win32.Build.0 = Release|Win32
		{5BFA67BD-6137-4A97-A4BD-AB826134486C}.Debug|Win32.ActiveCfg = Debug|Win32
		{5BFA67BD-6137-4A97-A4BD-AB826134486C}.Debug|Win32.Build.0 = Debug|Win32
		{5BFA67BD-6137-4A97-A4BD-AB826134486C}.Release|Win32.ActiveCfg = Release|Win32
		{5BFA67BD-6137-4A97-A4BD-AB826134486C}.Release|Win32.Build.0 = Release|Win32
		{A0EE0850-D4C4-421F-99DC-A16FC69A4300}.Debug|Win32.ActiveCfg = Debug|Win32
		{A0EE0850-D4C4-421F-99DC-A16FC69A4300}.Debug|Win32.Build.0 = Debug|Win32
		{A0EE0850-D4C4-421F-99DC-A16FC69A4300}.Release|Win32.ActiveCfg = Release|Win32
		{A0EE0850-D4C4-421F-99DC-A16FC69A4300}.Release|Win32.Build.0 = Release|Win32
	EndGlobalSection
	GlobalSection(SolutionProperties) = preSolution
		HideSolutionNode = FALSE
	EndGlobalSection
EndGlobal
