<?xml version="1.0" encoding="utf-8"?>
<Project ToolsVersion="4.0" xmlns="http://schemas.microsoft.com/developer/msbuild/2003">
  <ItemGroup>
    <Filter Include="Source Files">
      <UniqueIdentifier>{4FC737F1-C7A5-4376-A066-2A32D752A2FF}</UniqueIdentifier>
      <Extensions>cpp;c;cc;cxx;def;odl;idl;hpj;bat;asm;asmx</Extensions>
    </Filter>
    <Filter Include="Header Files">
      <UniqueIdentifier>{93995380-89BD-4b04-88EB-625FBE52EBFB}</UniqueIdentifier>
      <Extensions>h;hh;hpp;hxx;hm;inl;inc;xsd</Extensions>
    </Filter>
    <Filter Include="Resource Files">
      <UniqueIdentifier>{67DA6AB6-F800-4c08-8B7A-83BB121AAD01}</UniqueIdentifier>
      <Extensions>rc;ico;cur;bmp;dlg;rc2;rct;bin;rgs;gif;jpg;jpeg;jpe;resx;tiff;tif;png;wav;mfcribbon-ms</Extensions>
    </Filter>
    <Filter Include="Header Files\Graph">
      <UniqueIdentifier>{d4f80e89-1932-4701-953e-e39d7eeeeec9}</UniqueIdentifier>
    </Filter>
    <Filter Include="Header Files\Graph\Function">
      <UniqueIdentifier>{9f8e111b-a00e-4584-a067-10ee9055ac2f}</UniqueIdentifier>
    </Filter>
    <Filter Include="Source Files\Graph">
      <UniqueIdentifier>{fe858aeb-1ed3-4385-8a63-5aee8321aaf1}</UniqueIdentifier>
    </Filter>
    <Filter Include="Source Files\Graph\Function">
      <UniqueIdentifier>{cf603755-9d66-40f0-a5d0-d30667bc8618}</UniqueIdentifier>
    </Filter>
    <Filter Include="Source Files\Graph\Node">
      <UniqueIdentifier>{40faefd6-0654-4a31-b359-b5d2ddd9ceba}</UniqueIdentifier>
    </Filter>
  </ItemGroup>
  <ItemGroup>
    <Text Include="ReadMe.txt" />
  </ItemGroup>
  <ItemGroup>
    <ClInclude Include="graph\function\Function.h">
      <Filter>Header Files\Graph\Function</Filter>
    </ClInclude>
    <ClInclude Include="graph\function\FunctionBuilder.h">
      <Filter>Header Files\Graph\Function</Filter>
    </ClInclude>
    <ClInclude Include="graph\function\FunctionDescriptor.h">
      <Filter>Header Files\Graph\Function</Filter>
    </ClInclude>
    <ClInclude Include="graph\Graph.h">
      <Filter>Header Files\Graph</Filter>
    </ClInclude>
    <ClInclude Include="graph\Node.h">
      <Filter>Header Files\Graph</Filter>
    </ClInclude>
  </ItemGroup>
  <ItemGroup>
    <ClCompile Include="graph\function\Function.cpp">
      <Filter>Source Files\Graph\Function</Filter>
    </ClCompile>
    <ClCompile Include="graph\function\FunctionBuilder.cpp">
      <Filter>Source Files\Graph\Function</Filter>
    </ClCompile>
    <ClCompile Include="graph\Node.cpp">
      <Filter>Source Files\Graph</Filter>
    </ClCompile>
    <ClCompile Include="Graph.cpp">
      <Filter>Source Files\Graph</Filter>
    </ClCompile>
  </ItemGroup>
</Project>